// !$*UTF8*$!
{
	archiveVersion = 1;
	classes = {
	};
	objectVersion = 50;
	objects = {

/* Begin PBXBuildFile section */
		4F88DA0A242F8D50007641E3 /* AppDelegate.m in Sources */ = {isa = PBXBuildFile; fileRef = 4F88DA09242F8D50007641E3 /* AppDelegate.m */; };
		4F88DA0D242F8D50007641E3 /* ViewController.m in Sources */ = {isa = PBXBuildFile; fileRef = 4F88DA0C242F8D50007641E3 /* ViewController.m */; };
		4F88DA10242F8D50007641E3 /* Main.storyboard in Resources */ = {isa = PBXBuildFile; fileRef = 4F88DA0E242F8D50007641E3 /* Main.storyboard */; };
		4F88DA12242F8D52007641E3 /* Assets.xcassets in Resources */ = {isa = PBXBuildFile; fileRef = 4F88DA11242F8D52007641E3 /* Assets.xcassets */; };
		4F88DA15242F8D52007641E3 /* LaunchScreen.storyboard in Resources */ = {isa = PBXBuildFile; fileRef = 4F88DA13242F8D52007641E3 /* LaunchScreen.storyboard */; };
		4F88DA18242F8D52007641E3 /* main.m in Sources */ = {isa = PBXBuildFile; fileRef = 4F88DA17242F8D52007641E3 /* main.m */; };
		4F88DA22242F8D52007641E3 /* NewNameProjectTests.m in Sources */ = {isa = PBXBuildFile; fileRef = 4F88DA21242F8D52007641E3 /* NewNameProjectTests.m */; };
		4F88DA2D242F8D52007641E3 /* NewNameProjectUITests.m in Sources */ = {isa = PBXBuildFile; fileRef = 4F88DA2C242F8D52007641E3 /* NewNameProjectUITests.m */; };
		4F88DA3C2434D281007641E3 /* FJHomeViewController.m in Sources */ = {isa = PBXBuildFile; fileRef = 4F88DA3B2434D281007641E3 /* FJHomeViewController.m */; };
/* End PBXBuildFile section */

/* Begin PBXContainerItemProxy section */
		4F88DA1E242F8D52007641E3 /* PBXContainerItemProxy */ = {
			isa = PBXContainerItemProxy;
			containerPortal = 4F88D9FD242F8D50007641E3 /* Project object */;
			proxyType = 1;
			remoteGlobalIDString = 4F88DA04242F8D50007641E3;
			remoteInfo = NewNameProject;
		};
		4F88DA29242F8D52007641E3 /* PBXContainerItemProxy */ = {
			isa = PBXContainerItemProxy;
			containerPortal = 4F88D9FD242F8D50007641E3 /* Project object */;
			proxyType = 1;
			remoteGlobalIDString = 4F88DA04242F8D50007641E3;
			remoteInfo = NewNameProject;
		};
/* End PBXContainerItemProxy section */

/* Begin PBXFileReference section */
		4F88DA05242F8D50007641E3 /* NewNameProject.app */ = {isa = PBXFileReference; explicitFileType = wrapper.application; includeInIndex = 0; path = NewNameProject.app; sourceTree = BUILT_PRODUCTS_DIR; };
		4F88DA08242F8D50007641E3 /* AppDelegate.h */ = {isa = PBXFileReference; lastKnownFileType = sourcecode.c.h; path = AppDelegate.h; sourceTree = "<group>"; };
		4F88DA09242F8D50007641E3 /* AppDelegate.m */ = {isa = PBXFileReference; lastKnownFileType = sourcecode.c.objc; path = AppDelegate.m; sourceTree = "<group>"; };
		4F88DA0B242F8D50007641E3 /* ViewController.h */ = {isa = PBXFileReference; lastKnownFileType = sourcecode.c.h; path = ViewController.h; sourceTree = "<group>"; };
		4F88DA0C242F8D50007641E3 /* ViewController.m */ = {isa = PBXFileReference; lastKnownFileType = sourcecode.c.objc; path = ViewController.m; sourceTree = "<group>"; };
		4F88DA0F242F8D50007641E3 /* Base */ = {isa = PBXFileReference; lastKnownFileType = file.storyboard; name = Base; path = Base.lproj/Main.storyboard; sourceTree = "<group>"; };
		4F88DA11242F8D52007641E3 /* Assets.xcassets */ = {isa = PBXFileReference; lastKnownFileType = folder.assetcatalog; path = Assets.xcassets; sourceTree = "<group>"; };
		4F88DA14242F8D52007641E3 /* Base */ = {isa = PBXFileReference; lastKnownFileType = file.storyboard; name = Base; path = Base.lproj/LaunchScreen.storyboard; sourceTree = "<group>"; };
		4F88DA16242F8D52007641E3 /* Info.plist */ = {isa = PBXFileReference; lastKnownFileType = text.plist.xml; path = Info.plist; sourceTree = "<group>"; };
		4F88DA17242F8D52007641E3 /* main.m */ = {isa = PBXFileReference; lastKnownFileType = sourcecode.c.objc; path = main.m; sourceTree = "<group>"; };
		4F88DA1D242F8D52007641E3 /* NewNameProjectTests.xctest */ = {isa = PBXFileReference; explicitFileType = wrapper.cfbundle; includeInIndex = 0; path = NewNameProjectTests.xctest; sourceTree = BUILT_PRODUCTS_DIR; };
		4F88DA21242F8D52007641E3 /* NewNameProjectTests.m */ = {isa = PBXFileReference; lastKnownFileType = sourcecode.c.objc; path = NewNameProjectTests.m; sourceTree = "<group>"; };
		4F88DA23242F8D52007641E3 /* Info.plist */ = {isa = PBXFileReference; lastKnownFileType = text.plist.xml; path = Info.plist; sourceTree = "<group>"; };
		4F88DA28242F8D52007641E3 /* NewNameProjectUITests.xctest */ = {isa = PBXFileReference; explicitFileType = wrapper.cfbundle; includeInIndex = 0; path = NewNameProjectUITests.xctest; sourceTree = BUILT_PRODUCTS_DIR; };
		4F88DA2C242F8D52007641E3 /* NewNameProjectUITests.m */ = {isa = PBXFileReference; lastKnownFileType = sourcecode.c.objc; path = NewNameProjectUITests.m; sourceTree = "<group>"; };
		4F88DA2E242F8D52007641E3 /* Info.plist */ = {isa = PBXFileReference; lastKnownFileType = text.plist.xml; path = Info.plist; sourceTree = "<group>"; };
		4F88DA3A2434D281007641E3 /* FJHomeViewController.h */ = {isa = PBXFileReference; lastKnownFileType = sourcecode.c.h; path = FJHomeViewController.h; sourceTree = "<group>"; };
		4F88DA3B2434D281007641E3 /* FJHomeViewController.m */ = {isa = PBXFileReference; lastKnownFileType = sourcecode.c.objc; path = FJHomeViewController.m; sourceTree = "<group>"; };
/* End PBXFileReference section */

/* Begin PBXFrameworksBuildPhase section */
		4F88DA02242F8D50007641E3 /* Frameworks */ = {
			isa = PBXFrameworksBuildPhase;
			buildActionMask = 2147483647;
			files = (
			);
			runOnlyForDeploymentPostprocessing = 0;
		};
		4F88DA1A242F8D52007641E3 /* Frameworks */ = {
			isa = PBXFrameworksBuildPhase;
			buildActionMask = 2147483647;
			files = (
			);
			runOnlyForDeploymentPostprocessing = 0;
		};
		4F88DA25242F8D52007641E3 /* Frameworks */ = {
			isa = PBXFrameworksBuildPhase;
			buildActionMask = 2147483647;
			files = (
			);
			runOnlyForDeploymentPostprocessing = 0;
		};
/* End PBXFrameworksBuildPhase section */

/* Begin PBXGroup section */
		4F88D9FC242F8D50007641E3 = {
			isa = PBXGroup;
			children = (
				4F88DA07242F8D50007641E3 /* NewNameProject */,
				4F88DA20242F8D52007641E3 /* NewNameProjectTests */,
				4F88DA2B242F8D52007641E3 /* NewNameProjectUITests */,
				4F88DA06242F8D50007641E3 /* Products */,
			);
			sourceTree = "<group>";
		};
		4F88DA06242F8D50007641E3 /* Products */ = {
			isa = PBXGroup;
			children = (
				4F88DA05242F8D50007641E3 /* NewNameProject.app */,
				4F88DA1D242F8D52007641E3 /* NewNameProjectTests.xctest */,
				4F88DA28242F8D52007641E3 /* NewNameProjectUITests.xctest */,
			);
			name = Products;
			sourceTree = "<group>";
		};
		4F88DA07242F8D50007641E3 /* NewNameProject */ = {
			isa = PBXGroup;
			children = (
				4F88DA08242F8D50007641E3 /* AppDelegate.h */,
				4F88DA09242F8D50007641E3 /* AppDelegate.m */,
				4F88DA0B242F8D50007641E3 /* ViewController.h */,
				4F88DA0C242F8D50007641E3 /* ViewController.m */,
				4F88DA3A2434D281007641E3 /* FJHomeViewController.h */,
				4F88DA3B2434D281007641E3 /* FJHomeViewController.m */,
				4F88DA0E242F8D50007641E3 /* Main.storyboard */,
				4F88DA11242F8D52007641E3 /* Assets.xcassets */,
				4F88DA13242F8D52007641E3 /* LaunchScreen.storyboard */,
				4F88DA16242F8D52007641E3 /* Info.plist */,
				4F88DA17242F8D52007641E3 /* main.m */,
			);
			path = NewNameProject;
			sourceTree = "<group>";
		};
		4F88DA20242F8D52007641E3 /* NewNameProjectTests */ = {
			isa = PBXGroup;
			children = (
				4F88DA21242F8D52007641E3 /* NewNameProjectTests.m */,
				4F88DA23242F8D52007641E3 /* Info.plist */,
			);
			path = NewNameProjectTests;
			sourceTree = "<group>";
		};
		4F88DA2B242F8D52007641E3 /* NewNameProjectUITests */ = {
			isa = PBXGroup;
			children = (
				4F88DA2C242F8D52007641E3 /* NewNameProjectUITests.m */,
				4F88DA2E242F8D52007641E3 /* Info.plist */,
			);
			path = NewNameProjectUITests;
			sourceTree = "<group>";
		};
/* End PBXGroup section */

/* Begin PBXNativeTarget section */
		4F88DA04242F8D50007641E3 /* NewNameProject */ = {
			isa = PBXNativeTarget;
			buildConfigurationList = 4F88DA31242F8D52007641E3 /* Build configuration list for PBXNativeTarget "NewNameProject" */;
			buildPhases = (
				4F88DA01242F8D50007641E3 /* Sources */,
				4F88DA02242F8D50007641E3 /* Frameworks */,
				4F88DA03242F8D50007641E3 /* Resources */,
			);
			buildRules = (
			);
			dependencies = (
			);
			name = NewNameProject;
			productName = NewNameProject;
			productReference = 4F88DA05242F8D50007641E3 /* NewNameProject.app */;
			productType = "com.apple.product-type.application";
		};
		4F88DA1C242F8D52007641E3 /* NewNameProjectTests */ = {
			isa = PBXNativeTarget;
			buildConfigurationList = 4F88DA34242F8D52007641E3 /* Build configuration list for PBXNativeTarget "NewNameProjectTests" */;
			buildPhases = (
				4F88DA19242F8D52007641E3 /* Sources */,
				4F88DA1A242F8D52007641E3 /* Frameworks */,
				4F88DA1B242F8D52007641E3 /* Resources */,
			);
			buildRules = (
			);
			dependencies = (
				4F88DA1F242F8D52007641E3 /* PBXTargetDependency */,
			);
			name = NewNameProjectTests;
			productName = NewNameProjectTests;
			productReference = 4F88DA1D242F8D52007641E3 /* NewNameProjectTests.xctest */;
			productType = "com.apple.product-type.bundle.unit-test";
		};
		4F88DA27242F8D52007641E3 /* NewNameProjectUITests */ = {
			isa = PBXNativeTarget;
			buildConfigurationList = 4F88DA37242F8D52007641E3 /* Build configuration list for PBXNativeTarget "NewNameProjectUITests" */;
			buildPhases = (
				4F88DA24242F8D52007641E3 /* Sources */,
				4F88DA25242F8D52007641E3 /* Frameworks */,
				4F88DA26242F8D52007641E3 /* Resources */,
			);
			buildRules = (
			);
			dependencies = (
				4F88DA2A242F8D52007641E3 /* PBXTargetDependency */,
			);
			name = NewNameProjectUITests;
			productName = NewNameProjectUITests;
			productReference = 4F88DA28242F8D52007641E3 /* NewNameProjectUITests.xctest */;
			productType = "com.apple.product-type.bundle.ui-testing";
		};
/* End PBXNativeTarget section */

/* Begin PBXProject section */
		4F88D9FD242F8D50007641E3 /* Project object */ = {
			isa = PBXProject;
			attributes = {
				LastUpgradeCheck = 1010;
				ORGANIZATIONNAME = cn.com.pingan.euclid;
				TargetAttributes = {
					4F88DA04242F8D50007641E3 = {
						CreatedOnToolsVersion = 10.1;
					};
					4F88DA1C242F8D52007641E3 = {
						CreatedOnToolsVersion = 10.1;
						TestTargetID = 4F88DA04242F8D50007641E3;
					};
					4F88DA27242F8D52007641E3 = {
						CreatedOnToolsVersion = 10.1;
						TestTargetID = 4F88DA04242F8D50007641E3;
					};
				};
			};
			buildConfigurationList = 4F88DA00242F8D50007641E3 /* Build configuration list for PBXProject "NewNameProject" */;
			compatibilityVersion = "Xcode 9.3";
			developmentRegion = en;
			hasScannedForEncodings = 0;
			knownRegions = (
				en,
				Base,
			);
			mainGroup = 4F88D9FC242F8D50007641E3;
			productRefGroup = 4F88DA06242F8D50007641E3 /* Products */;
			projectDirPath = "";
			projectRoot = "";
			targets = (
				4F88DA04242F8D50007641E3 /* NewNameProject */,
				4F88DA1C242F8D52007641E3 /* NewNameProjectTests */,
				4F88DA27242F8D52007641E3 /* NewNameProjectUITests */,
			);
		};
/* End PBXProject section */

/* Begin PBXResourcesBuildPhase section */
		4F88DA03242F8D50007641E3 /* Resources */ = {
			isa = PBXResourcesBuildPhase;
			buildActionMask = 2147483647;
			files = (
				4F88DA15242F8D52007641E3 /* LaunchScreen.storyboard in Resources */,
				4F88DA12242F8D52007641E3 /* Assets.xcassets in Resources */,
				4F88DA10242F8D50007641E3 /* Main.storyboard in Resources */,
			);
			runOnlyForDeploymentPostprocessing = 0;
		};
		4F88DA1B242F8D52007641E3 /* Resources */ = {
			isa = PBXResourcesBuildPhase;
			buildActionMask = 2147483647;
			files = (
			);
			runOnlyForDeploymentPostprocessing = 0;
		};
		4F88DA26242F8D52007641E3 /* Resources */ = {
			isa = PBXResourcesBuildPhase;
			buildActionMask = 2147483647;
			files = (
			);
			runOnlyForDeploymentPostprocessing = 0;
		};
/* End PBXResourcesBuildPhase section */

/* Begin PBXSourcesBuildPhase section */
		4F88DA01242F8D50007641E3 /* Sources */ = {
			isa = PBXSourcesBuildPhase;
			buildActionMask = 2147483647;
			files = (
				4F88DA0D242F8D50007641E3 /* ViewController.m in Sources */,
				4F88DA3C2434D281007641E3 /* FJHomeViewController.m in Sources */,
				4F88DA18242F8D52007641E3 /* main.m in Sources */,
				4F88DA0A242F8D50007641E3 /* AppDelegate.m in Sources */,
			);
			runOnlyForDeploymentPostprocessing = 0;
		};
		4F88DA19242F8D52007641E3 /* Sources */ = {
			isa = PBXSourcesBuildPhase;
			buildActionMask = 2147483647;
			files = (
				4F88DA22242F8D52007641E3 /* NewNameProjectTests.m in Sources */,
			);
			runOnlyForDeploymentPostprocessing = 0;
		};
		4F88DA24242F8D52007641E3 /* Sources */ = {
			isa = PBXSourcesBuildPhase;
			buildActionMask = 2147483647;
			files = (
				4F88DA2D242F8D52007641E3 /* NewNameProjectUITests.m in Sources */,
			);
			runOnlyForDeploymentPostprocessing = 0;
		};
/* End PBXSourcesBuildPhase section */

/* Begin PBXTargetDependency section */
		4F88DA1F242F8D52007641E3 /* PBXTargetDependency */ = {
			isa = PBXTargetDependency;
			target = 4F88DA04242F8D50007641E3 /* NewNameProject */;
			targetProxy = 4F88DA1E242F8D52007641E3 /* PBXContainerItemProxy */;
		};
		4F88DA2A242F8D52007641E3 /* PBXTargetDependency */ = {
			isa = PBXTargetDependency;
			target = 4F88DA04242F8D50007641E3 /* NewNameProject */;
			targetProxy = 4F88DA29242F8D52007641E3 /* PBXContainerItemProxy */;
		};
/* End PBXTargetDependency section */

/* Begin PBXVariantGroup section */
		4F88DA0E242F8D50007641E3 /* Main.storyboard */ = {
			isa = PBXVariantGroup;
			children = (
				4F88DA0F242F8D50007641E3 /* Base */,
			);
			name = Main.storyboard;
			sourceTree = "<group>";
		};
		4F88DA13242F8D52007641E3 /* LaunchScreen.storyboard */ = {
			isa = PBXVariantGroup;
			children = (
				4F88DA14242F8D52007641E3 /* Base */,
			);
			name = LaunchScreen.storyboard;
			sourceTree = "<group>";
		};
/* End PBXVariantGroup section */

/* Begin XCBuildConfiguration section */
		4F88DA2F242F8D52007641E3 /* Debug */ = {
			isa = XCBuildConfiguration;
			buildSettings = {
				ALWAYS_SEARCH_USER_PATHS = NO;
				CLANG_ANALYZER_NONNULL = YES;
				CLANG_ANALYZER_NUMBER_OBJECT_CONVERSION = YES_AGGRESSIVE;
				CLANG_CXX_LANGUAGE_STANDARD = "gnu++14";
				CLANG_CXX_LIBRARY = "libc++";
				CLANG_ENABLE_MODULES = YES;
				CLANG_ENABLE_OBJC_ARC = YES;
				CLANG_ENABLE_OBJC_WEAK = YES;
				CLANG_WARN_BLOCK_CAPTURE_AUTORELEASING = YES;
				CLANG_WARN_BOOL_CONVERSION = YES;
				CLANG_WARN_COMMA = YES;
				CLANG_WARN_CONSTANT_CONVERSION = YES;
				CLANG_WARN_DEPRECATED_OBJC_IMPLEMENTATIONS = YES;
				CLANG_WARN_DIRECT_OBJC_ISA_USAGE = YES_ERROR;
				CLANG_WARN_DOCUMENTATION_COMMENTS = YES;
				CLANG_WARN_EMPTY_BODY = YES;
				CLANG_WARN_ENUM_CONVERSION = YES;
				CLANG_WARN_INFINITE_RECURSION = YES;
				CLANG_WARN_INT_CONVERSION = YES;
				CLANG_WARN_NON_LITERAL_NULL_CONVERSION = YES;
				CLANG_WARN_OBJC_IMPLICIT_RETAIN_SELF = YES;
				CLANG_WARN_OBJC_LITERAL_CONVERSION = YES;
				CLANG_WARN_OBJC_ROOT_CLASS = YES_ERROR;
				CLANG_WARN_RANGE_LOOP_ANALYSIS = YES;
				CLANG_WARN_STRICT_PROTOTYPES = YES;
				CLANG_WARN_SUSPICIOUS_MOVE = YES;
				CLANG_WARN_UNGUARDED_AVAILABILITY = YES_AGGRESSIVE;
				CLANG_WARN_UNREACHABLE_CODE = YES;
				CLANG_WARN__DUPLICATE_METHOD_MATCH = YES;
				CODE_SIGN_IDENTITY = "iPhone Developer";
				COPY_PHASE_STRIP = NO;
				DEBUG_INFORMATION_FORMAT = dwarf;
				ENABLE_STRICT_OBJC_MSGSEND = YES;
				ENABLE_TESTABILITY = YES;
				GCC_C_LANGUAGE_STANDARD = gnu11;
				GCC_DYNAMIC_NO_PIC = NO;
				GCC_NO_COMMON_BLOCKS = YES;
				GCC_OPTIMIZATION_LEVEL = 0;
				GCC_PREPROCESSOR_DEFINITIONS = (
					"DEBUG=1",
					"$(inherited)",
				);
				GCC_WARN_64_TO_32_BIT_CONVERSION = YES;
				GCC_WARN_ABOUT_RETURN_TYPE = YES_ERROR;
				GCC_WARN_UNDECLARED_SELECTOR = YES;
				GCC_WARN_UNINITIALIZED_AUTOS = YES_AGGRESSIVE;
				GCC_WARN_UNUSED_FUNCTION = YES;
				GCC_WARN_UNUSED_VARIABLE = YES;
				IPHONEOS_DEPLOYMENT_TARGET = 12.1;
				MTL_ENABLE_DEBUG_INFO = INCLUDE_SOURCE;
				MTL_FAST_MATH = YES;
				ONLY_ACTIVE_ARCH = YES;
				SDKROOT = iphoneos;
			};
			name = Debug;
		};
		4F88DA30242F8D52007641E3 /* Release */ = {
			isa = XCBuildConfiguration;
			buildSettings = {
				ALWAYS_SEARCH_USER_PATHS = NO;
				CLANG_ANALYZER_NONNULL = YES;
				CLANG_ANALYZER_NUMBER_OBJECT_CONVERSION = YES_AGGRESSIVE;
				CLANG_CXX_LANGUAGE_STANDARD = "gnu++14";
				CLANG_CXX_LIBRARY = "libc++";
				CLANG_ENABLE_MODULES = YES;
				CLANG_ENABLE_OBJC_ARC = YES;
				CLANG_ENABLE_OBJC_WEAK = YES;
				CLANG_WARN_BLOCK_CAPTURE_AUTORELEASING = YES;
				CLANG_WARN_BOOL_CONVERSION = YES;
				CLANG_WARN_COMMA = YES;
				CLANG_WARN_CONSTANT_CONVERSION = YES;
				CLANG_WARN_DEPRECATED_OBJC_IMPLEMENTATIONS = YES;
				CLANG_WARN_DIRECT_OBJC_ISA_USAGE = YES_ERROR;
				CLANG_WARN_DOCUMENTATION_COMMENTS = YES;
				CLANG_WARN_EMPTY_BODY = YES;
				CLANG_WARN_ENUM_CONVERSION = YES;
				CLANG_WARN_INFINITE_RECURSION = YES;
				CLANG_WARN_INT_CONVERSION = YES;
				CLANG_WARN_NON_LITERAL_NULL_CONVERSION = YES;
				CLANG_WARN_OBJC_IMPLICIT_RETAIN_SELF = YES;
				CLANG_WARN_OBJC_LITERAL_CONVERSION = YES;
				CLANG_WARN_OBJC_ROOT_CLASS = YES_ERROR;
				CLANG_WARN_RANGE_LOOP_ANALYSIS = YES;
				CLANG_WARN_STRICT_PROTOTYPES = YES;
				CLANG_WARN_SUSPICIOUS_MOVE = YES;
				CLANG_WARN_UNGUARDED_AVAILABILITY = YES_AGGRESSIVE;
				CLANG_WARN_UNREACHABLE_CODE = YES;
				CLANG_WARN__DUPLICATE_METHOD_MATCH = YES;
				CODE_SIGN_IDENTITY = "iPhone Developer";
				COPY_PHASE_STRIP = NO;
				DEBUG_INFORMATION_FORMAT = "dwarf-with-dsym";
				ENABLE_NS_ASSERTIONS = NO;
				ENABLE_STRICT_OBJC_MSGSEND = YES;
				GCC_C_LANGUAGE_STANDARD = gnu11;
				GCC_NO_COMMON_BLOCKS = YES;
				GCC_WARN_64_TO_32_BIT_CONVERSION = YES;
				GCC_WARN_ABOUT_RETURN_TYPE = YES_ERROR;
				GCC_WARN_UNDECLARED_SELECTOR = YES;
				GCC_WARN_UNINITIALIZED_AUTOS = YES_AGGRESSIVE;
				GCC_WARN_UNUSED_FUNCTION = YES;
				GCC_WARN_UNUSED_VARIABLE = YES;
				IPHONEOS_DEPLOYMENT_TARGET = 12.1;
				MTL_ENABLE_DEBUG_INFO = NO;
				MTL_FAST_MATH = YES;
				SDKROOT = iphoneos;
				VALIDATE_PRODUCT = YES;
			};
			name = Release;
		};
		4F88DA32242F8D52007641E3 /* Debug */ = {
			isa = XCBuildConfiguration;
			buildSettings = {
				ASSETCATALOG_COMPILER_APPICON_NAME = AppIcon;
				CODE_SIGN_STYLE = Automatic;
				INFOPLIST_FILE = NewNameProject/Info.plist;
				LD_RUNPATH_SEARCH_PATHS = (
					"$(inherited)",
					"@executable_path/Frameworks",
				);
				PRODUCT_BUNDLE_IDENTIFIER = com.yuehaixueyi.xdtkaifa.NewNameProject;
				PRODUCT_NAME = "$(TARGET_NAME)";
				TARGETED_DEVICE_FAMILY = "1,2";
			};
			name = Debug;
		};
		4F88DA33242F8D52007641E3 /* Release */ = {
			isa = XCBuildConfiguration;
			buildSettings = {
				ASSETCATALOG_COMPILER_APPICON_NAME = AppIcon;
				CODE_SIGN_STYLE = Automatic;
				INFOPLIST_FILE = NewNameProject/Info.plist;
				LD_RUNPATH_SEARCH_PATHS = (
					"$(inherited)",
					"@executable_path/Frameworks",
				);
				PRODUCT_BUNDLE_IDENTIFIER = com.yuehaixueyi.xdtkaifa.NewNameProject;
				PRODUCT_NAME = "$(TARGET_NAME)";
				TARGETED_DEVICE_FAMILY = "1,2";
			};
			name = Release;
		};
		4F88DA35242F8D52007641E3 /* Debug */ = {
			isa = XCBuildConfiguration;
			buildSettings = {
				BUNDLE_LOADER = "$(TEST_HOST)";
				CODE_SIGN_STYLE = Automatic;
				INFOPLIST_FILE = NewNameProjectTests/Info.plist;
				LD_RUNPATH_SEARCH_PATHS = (
					"$(inherited)",
					"@executable_path/Frameworks",
					"@loader_path/Frameworks",
				);
				PRODUCT_BUNDLE_IDENTIFIER = com.yuehaixueyi.xdtkaifa.NewNameProjectTests;
				PRODUCT_NAME = "$(TARGET_NAME)";
				TARGETED_DEVICE_FAMILY = "1,2";
				TEST_HOST = "$(BUILT_PRODUCTS_DIR)/NewNameProject.app/NewNameProject";
			};
			name = Debug;
		};
		4F88DA36242F8D52007641E3 /* Release */ = {
			isa = XCBuildConfiguration;
			buildSettings = {
				BUNDLE_LOADER = "$(TEST_HOST)";
				CODE_SIGN_STYLE = Automatic;
				INFOPLIST_FILE = NewNameProjectTests/Info.plist;
				LD_RUNPATH_SEARCH_PATHS = (
					"$(inherited)",
					"@executable_path/Frameworks",
					"@loader_path/Frameworks",
				);
				PRODUCT_BUNDLE_IDENTIFIER = com.yuehaixueyi.xdtkaifa.NewNameProjectTests;
				PRODUCT_NAME = "$(TARGET_NAME)";
				TARGETED_DEVICE_FAMILY = "1,2";
				TEST_HOST = "$(BUILT_PRODUCTS_DIR)/NewNameProject.app/NewNameProject";
			};
			name = Release;
		};
		4F88DA38242F8D52007641E3 /* Debug */ = {
			isa = XCBuildConfiguration;
			buildSettings = {
				CODE_SIGN_STYLE = Automatic;
				INFOPLIST_FILE = NewNameProjectUITests/Info.plist;
				LD_RUNPATH_SEARCH_PATHS = (
					"$(inherited)",
					"@executable_path/Frameworks",
					"@loader_path/Frameworks",
				);
				PRODUCT_BUNDLE_IDENTIFIER = com.yuehaixueyi.xdtkaifa.NewNameProjectUITests;
				PRODUCT_NAME = "$(TARGET_NAME)";
				TARGETED_DEVICE_FAMILY = "1,2";
				TEST_TARGET_NAME = NewNameProject;
			};
			name = Debug;
		};
		4F88DA39242F8D52007641E3 /* Release */ = {
			isa = XCBuildConfiguration;
			buildSettings = {
				CODE_SIGN_STYLE = Automatic;
				INFOPLIST_FILE = NewNameProjectUITests/Info.plist;
				LD_RUNPATH_SEARCH_PATHS = (
					"$(inherited)",
					"@executable_path/Frameworks",
					"@loader_path/Frameworks",
				);
				PRODUCT_BUNDLE_IDENTIFIER = com.yuehaixueyi.xdtkaifa.NewNameProjectUITests;
				PRODUCT_NAME = "$(TARGET_NAME)";
				TARGETED_DEVICE_FAMILY = "1,2";
				TEST_TARGET_NAME = NewNameProject;
			};
			name = Release;
		};
/* End XCBuildConfiguration section */

/* Begin XCConfigurationList section */
		4F88DA00242F8D50007641E3 /* Build configuration list for PBXProject "NewNameProject" */ = {
			isa = XCConfigurationList;
			buildConfigurations = (
				4F88DA2F242F8D52007641E3 /* Debug */,
				4F88DA30242F8D52007641E3 /* Release */,
			);
			defaultConfigurationIsVisible = 0;
			defaultConfigurationName = Release;
		};
		4F88DA31242F8D52007641E3 /* Build configuration list for PBXNativeTarget "NewNameProject" */ = {
			isa = XCConfigurationList;
			buildConfigurations = (
				4F88DA32242F8D52007641E3 /* Debug */,
				4F88DA33242F8D52007641E3 /* Release */,
			);
			defaultConfigurationIsVisible = 0;
			defaultConfigurationName = Release;
		};
		4F88DA34242F8D52007641E3 /* Build configuration list for PBXNativeTarget "NewNameProjectTests" */ = {
			isa = XCConfigurationList;
			buildConfigurations = (
				4F88DA35242F8D52007641E3 /* Debug */,
				4F88DA36242F8D52007641E3 /* Release */,
			);
			defaultConfigurationIsVisible = 0;
			defaultConfigurationName = Release;
		};
		4F88DA37242F8D52007641E3 /* Build configuration list for PBXNativeTarget "NewNameProjectUITests" */ = {
			isa = XCConfigurationList;
			buildConfigurations = (
				4F88DA38242F8D52007641E3 /* Debug */,
				4F88DA39242F8D52007641E3 /* Release */,
			);
			defaultConfigurationIsVisible = 0;
			defaultConfigurationName = Release;
		};
/* End XCConfigurationList section */
	};
	rootObject = 4F88D9FD242F8D50007641E3 /* Project object */;
}
